Microsoft Visual Studio Solution File, Format Version 12.00
# Visual Studio Version 17
VisualStudioVersion = 17.5.2.0
MinimumVisualStudioVersion = 10.0.40219.1
Project("{FAE04EC0-301F-11D3-BF4B-00C04F79EFBC}") = "cursoEfCore", "cursoEfCore.csproj", "{0E820F14-3360-907D-4D60-F26F99D9CCAA}"
EndProject
Global
	GlobalSection(SolutionConfigurationPlatforms) = preSolution
		Debug|Any CPU = Debug|Any CPU
		Release|Any CPU = Release|Any CPU
	EndGlobalSection
	GlobalSection(ProjectConfigurationPlatforms) = postSolution
		{0E820F14-3360-907D-4D60-F26F99D9CCAA}.Debug|Any CPU.ActiveCfg = Debug|Any CPU
		{0E820F14-3360-907D-4D60-F26F99D9CCAA}.Debug|Any CPU.Build.0 = Debug|Any CPU
		{0E820F14-3360-907D-4D60-F26F99D9CCAA}.Release|Any CPU.ActiveCfg = Release|Any CPU
		{0E820F14-3360-907D-4D60-F26F99D9CCAA}.Release|Any CPU.Build.0 = Release|Any CPU
	EndGlobalSection
	GlobalSection(SolutionProperties) = preSolution
		HideSolutionNode = FALSE
	EndGlobalSection
	GlobalSection(ExtensibilityGlobals) = postSolution
		SolutionGuid = {DB87F32C-C6E9-4B0B-B7D4-BB3D9E1DB1D9}
	EndGlobalSection
EndGlobal
